{
    "_readme": [
        "This file locks the dependencies of your project to a known state",
        "Read more about it at https://getcomposer.org/doc/01-basic-usage.md#composer-lock-the-lock-file",
        "This file is @generated automatically"
    ],
    "hash": "bb20e41d045e4e04bdacbd4f16f4bf62",
    "packages": [
        {
            "name": "guzzlehttp/guzzle",
            "version": "5.x-dev",
            "source": {
                "type": "git",
                "url": "https://github.com/guzzle/guzzle.git",
                "reference": "28475a313d7d413a033b68d762e0db18b3aa4b02"
            },
            "dist": {
                "type": "zip",
                "url": "https://api.github.com/repos/guzzle/guzzle/zipball/28475a313d7d413a033b68d762e0db18b3aa4b02",
                "reference": "28475a313d7d413a033b68d762e0db18b3aa4b02",
                "shasum": ""
            },
            "require": {
                "guzzlehttp/ringphp": "^1.1",
                "php": ">=5.4.0"
            },
            "require-dev": {
                "ext-curl": "*",
                "phpunit/phpunit": "^4.0"
            },
            "type": "library",
            "autoload": {
                "psr-4": {
                    "GuzzleHttp\\": "src/"
                }
            },
            "notification-url": "https://packagist.org/downloads/",
            "license": [
                "MIT"
            ],
            "authors": [
                {
                    "name": "Michael Dowling",
                    "email": "mtdowling@gmail.com",
                    "homepage": "https://github.com/mtdowling"
                }
            ],
            "description": "Guzzle is a PHP HTTP client library and framework for building RESTful web service clients",
            "homepage": "http://guzzlephp.org/",
            "keywords": [
                "client",
                "curl",
                "framework",
                "http",
                "http client",
                "rest",
                "web service"
            ],
            "time": "2015-05-26 17:54:26"
        },
        {
            "name": "guzzlehttp/ringphp",
            "version": "dev-master",
            "source": {
                "type": "git",
                "url": "https://github.com/guzzle/RingPHP.git",
                "reference": "9465032ac5d6beaa55f10923403e6e1c36018d9c"
            },
            "dist": {
                "type": "zip",
                "url": "https://api.github.com/repos/guzzle/RingPHP/zipball/9465032ac5d6beaa55f10923403e6e1c36018d9c",
                "reference": "9465032ac5d6beaa55f10923403e6e1c36018d9c",
                "shasum": ""
            },
            "require": {
                "guzzlehttp/streams": "~3.0",
                "php": ">=5.4.0",
                "react/promise": "~2.0"
            },
            "require-dev": {
                "ext-curl": "*",
                "phpunit/phpunit": "~4.0"
            },
            "suggest": {
                "ext-curl": "Guzzle will use specific adapters if cURL is present"
            },
            "type": "library",
            "extra": {
                "branch-alias": {
                    "dev-master": "1.1-dev"
                }
            },
            "autoload": {
                "psr-4": {
                    "GuzzleHttp\\Ring\\": "src/"
                }
            },
            "notification-url": "https://packagist.org/downloads/",
            "license": [
                "MIT"
            ],
            "authors": [
                {
                    "name": "Michael Dowling",
                    "email": "mtdowling@gmail.com",
                    "homepage": "https://github.com/mtdowling"
                }
            ],
            "description": "Provides a simple API and specification that abstracts away the details of HTTP into a single PHP function.",
            "time": "2015-05-21 17:23:02"
        },
        {
            "name": "guzzlehttp/streams",
            "version": "dev-master",
            "source": {
                "type": "git",
                "url": "https://github.com/guzzle/streams.git",
                "reference": "d1f8a6c55f0f753cfd6f6755856473eb02cedb19"
            },
            "dist": {
                "type": "zip",
                "url": "https://api.github.com/repos/guzzle/streams/zipball/d1f8a6c55f0f753cfd6f6755856473eb02cedb19",
                "reference": "d1f8a6c55f0f753cfd6f6755856473eb02cedb19",
                "shasum": ""
            },
            "require": {
                "php": ">=5.4.0"
            },
            "require-dev": {
                "phpunit/phpunit": "~4.0"
            },
            "type": "library",
            "extra": {
                "branch-alias": {
                    "dev-master": "3.0-dev"
                }
            },
            "autoload": {
                "psr-4": {
                    "GuzzleHttp\\Stream\\": "src/"
                }
            },
            "notification-url": "https://packagist.org/downloads/",
            "license": [
                "MIT"
            ],
            "authors": [
                {
                    "name": "Michael Dowling",
                    "email": "mtdowling@gmail.com",
                    "homepage": "https://github.com/mtdowling"
                }
            ],
            "description": "Provides a simple abstraction over streams of data",
            "homepage": "http://guzzlephp.org/",
            "keywords": [
                "Guzzle",
                "stream"
            ],
            "time": "2015-01-22 00:01:34"
        },
        {
            "name": "lstrojny/fxmlrpc",
            "version": "0.9.4",
            "source": {
                "type": "git",
                "url": "https://github.com/lstrojny/fxmlrpc.git",
                "reference": "2f3acc8d4111e8753e646149bdfad0337175bd12"
            },
            "dist": {
                "type": "zip",
                "url": "https://api.github.com/repos/lstrojny/fxmlrpc/zipball/2f3acc8d4111e8753e646149bdfad0337175bd12",
                "reference": "2f3acc8d4111e8753e646149bdfad0337175bd12",
                "shasum": ""
            },
            "require-dev": {
                "amphp/artax": "*@dev",
                "ext-curl": "*",
                "guzzle/guzzle": "*",
                "internations/kodierungsregelwerksammlung": "dev-master",
                "kriswallsmith/buzz": "*",
                "lstrojny/hmmmath": "*",
                "monolog/monolog": "*",
                "php": ">=5.4.0",
                "phpunit/phpunit": "~4",
                "psr/log": "*",
                "symfony/process": "~2",
                "zendframework/zend-http": "~2",
                "zendframework/zend-log": "~2",
                "zendframework/zendframework1": "~1"
            },
            "suggest": {
                "ext-http": "Use ext/http as HTTP client",
                "guzzle/guzzle": "To integrate Guzzle as HTTP client",
                "kriswallsmith/buzz": "To integrate Buzz as HTTP client",
                "monolog/monolog": "To integrate monolog as logger",
                "zendframework/zend-http": "To use ZF2 Zend\\Http\\Client as HTTP client",
                "zendframework/zend-log": "To use ZF2 Zend\\Log\\Logger as a logger",
                "zendframework/zendframework1": "To use ZF1 Zend_Http_Client as HTTP client"
            },
            "type": "library",
            "autoload": {
                "psr-0": {
                    "fXmlRpc": "src/"
                }
            },
            "notification-url": "https://packagist.org/downloads/",
            "license": [
                "MIT"
            ],
            "authors": [
                {
                    "name": "Lars Strojny",
                    "email": "lstrojny@php.net",
                    "homepage": "http://usrportage.de"
                }
            ],
            "description": "Fast and tiny XML/RPC client with bridges for various HTTP clients",
            "keywords": [
                "api",
                "performance",
                "rpc",
                "xml",
                "xmlrpc"
            ],
            "time": "2015-01-28 12:24:34"
        },
        {
            "name": "monolog/monolog",
            "version": "dev-master",
            "source": {
                "type": "git",
                "url": "https://github.com/Seldaek/monolog.git",
                "reference": "bf2bff61743f20a13dc46ff1e3bbd0f19c997d2b"
            },
            "dist": {
                "type": "zip",
                "url": "https://api.github.com/repos/Seldaek/monolog/zipball/bf2bff61743f20a13dc46ff1e3bbd0f19c997d2b",
                "reference": "bf2bff61743f20a13dc46ff1e3bbd0f19c997d2b",
                "shasum": ""
            },
            "require": {
                "php": ">=5.3.0",
                "psr/log": "~1.0"
            },
            "provide": {
                "psr/log-implementation": "1.0.0"
            },
            "require-dev": {
                "aws/aws-sdk-php": "~2.4, >2.4.8",
                "doctrine/couchdb": "~1.0@dev",
                "graylog2/gelf-php": "~1.0",
                "php-console/php-console": "~3.1, >3.1.2",
                "phpunit/phpunit": "~4.0",
                "raven/raven": "~0.5",
                "ruflin/elastica": "0.90.*",
                "swiftmailer/swiftmailer": "~5.3",
                "videlalvaro/php-amqplib": "~2.4"
            },
            "suggest": {
                "aws/aws-sdk-php": "Allow sending log messages to AWS services like DynamoDB",
                "doctrine/couchdb": "Allow sending log messages to a CouchDB server",
                "ext-amqp": "Allow sending log messages to an AMQP server (1.0+ required)",
                "ext-mongo": "Allow sending log messages to a MongoDB server",
                "graylog2/gelf-php": "Allow sending log messages to a GrayLog2 server",
                "php-console/php-console": "Allow sending log messages to Google Chrome",
                "raven/raven": "Allow sending log messages to a Sentry server",
                "rollbar/rollbar": "Allow sending log messages to Rollbar",
                "ruflin/elastica": "Allow sending log messages to an Elastic Search server",
                "videlalvaro/php-amqplib": "Allow sending log messages to an AMQP server using php-amqplib"
            },
            "type": "library",
            "extra": {
                "branch-alias": {
                    "dev-master": "1.13.x-dev"
                }
            },
            "autoload": {
                "psr-4": {
                    "Monolog\\": "src/Monolog"
                }
            },
            "notification-url": "https://packagist.org/downloads/",
            "license": [
                "MIT"
            ],
            "authors": [
                {
                    "name": "Jordi Boggiano",
                    "email": "j.boggiano@seld.be",
                    "homepage": "http://seld.be"
                }
            ],
            "description": "Sends your logs to files, sockets, inboxes, databases and various web services",
            "homepage": "http://github.com/Seldaek/monolog",
            "keywords": [
                "log",
                "logging",
                "psr-3"
            ],
            "time": "2015-05-11 14:51:05"
        },
        {
            "name": "psr/log",
            "version": "dev-master",
            "source": {
                "type": "git",
                "url": "https://github.com/php-fig/log.git",
                "reference": "bf2c13de4300e227d7b2fd08027673a79c519987"
            },
            "dist": {
                "type": "zip",
                "url": "https://api.github.com/repos/php-fig/log/zipball/bf2c13de4300e227d7b2fd08027673a79c519987",
                "reference": "bf2c13de4300e227d7b2fd08027673a79c519987",
                "shasum": ""
            },
            "type": "library",
            "extra": {
                "branch-alias": {
                    "dev-master": "1.0.x-dev"
                }
            },
            "autoload": {
                "psr-4": {
                    "Psr\\Log\\": "Psr/Log/"
                }
            },
            "notification-url": "https://packagist.org/downloads/",
            "license": [
                "MIT"
            ],
            "authors": [
                {
                    "name": "PHP-FIG",
                    "homepage": "http://www.php-fig.org/"
                }
            ],
            "description": "Common interface for logging libraries",
            "keywords": [
                "log",
                "psr",
                "psr-3"
            ],
            "time": "2015-03-26 14:39:45"
        },
        {
            "name": "react/promise",
            "version": "v2.2.0",
            "source": {
                "type": "git",
                "url": "https://github.com/reactphp/promise.git",
                "reference": "365fcee430dfa4ace1fbc75737ca60ceea7eeeef"
            },
            "dist": {
                "type": "zip",
                "url": "https://api.github.com/repos/reactphp/promise/zipball/365fcee430dfa4ace1fbc75737ca60ceea7eeeef",
                "reference": "365fcee430dfa4ace1fbc75737ca60ceea7eeeef",
                "shasum": ""
            },
            "require": {
                "php": ">=5.4.0"
            },
            "type": "library",
            "extra": {
                "branch-alias": {
                    "dev-master": "2.0-dev"
                }
            },
            "autoload": {
                "psr-4": {
                    "React\\Promise\\": "src/"
                },
                "files": [
                    "src/functions_include.php"
                ]
            },
            "notification-url": "https://packagist.org/downloads/",
            "license": [
                "MIT"
            ],
            "authors": [
                {
                    "name": "Jan Sorgalla",
                    "email": "jsorgalla@googlemail.com"
                }
            ],
            "description": "A lightweight implementation of CommonJS Promises/A for PHP",
            "time": "2014-12-30 13:32:42"
        },
        {
            "name": "supervisorphp/supervisor",
            "version": "dev-master",
            "source": {
                "type": "git",
                "url": "https://github.com/supervisorphp/supervisor.git",
                "reference": "61b741c826d5cb1f11407031f7aae1c63efe6e01"
            },
            "dist": {
                "type": "zip",
                "url": "https://api.github.com/repos/supervisorphp/supervisor/zipball/61b741c826d5cb1f11407031f7aae1c63efe6e01",
                "reference": "61b741c826d5cb1f11407031f7aae1c63efe6e01",
                "shasum": ""
            },
            "require": {
                "php": ">=5.4.0"
            },
            "require-dev": {
                "behat/behat": "~3.0",
                "guzzlehttp/guzzle": ">=4.0",
                "henrikbjorn/phpspec-code-coverage": "~1.0",
                "lstrojny/fxmlrpc": "dev-master",
                "phpspec/phpspec": "~2.1",
                "rhumsaa/array_column": "~1.1",
                "supervisorphp/configuration": "~0.1",
                "zendframework/zend-xmlrpc": ">=2.3.3"
            },
            "suggest": {
                "lstrojny/fxmlrpc": "A modern, super fast XML/RPC client for PHP >=5.4",
                "zendframework/zend-xmlrpc": "XmlRpc component from Zend Framework 2"
            },
            "type": "library",
            "extra": {
                "branch-alias": {
                    "dev-master": "3.1-dev"
                }
            },
            "autoload": {
                "psr-4": {
                    "Supervisor\\": "src/"
                }
            },
            "notification-url": "https://packagist.org/downloads/",
            "license": [
                "MIT"
            ],
            "authors": [
                {
                    "name": "Márk Sági-Kazár",
                    "email": "mark.sagikazar@gmail.com"
                }
            ],
            "description": "PHP library for managing Supervisor through XML-RPC API",
            "homepage": "http://supervisorphp.com",
            "keywords": [
                "process manager",
                "supervisor"
            ],
            "time": "2015-03-14 19:55:08"
        },
        {
            "name": "tokenly/consul-health-daemon",
            "version": "dev-master",
            "source": {
                "type": "git",
                "url": "https://github.com/tokenly/consul-health-daemon.git",
                "reference": "a57daf3fe4aae3f4b4d1024042b819d6940fe440"
            },
            "dist": {
                "type": "zip",
                "url": "https://api.github.com/repos/tokenly/consul-health-daemon/zipball/a57daf3fe4aae3f4b4d1024042b819d6940fe440",
                "reference": "a57daf3fe4aae3f4b4d1024042b819d6940fe440",
                "shasum": ""
            },
            "require": {
                "php": ">=5.5.0",
                "supervisorphp/supervisor": "^3"
            },
            "require-dev": {
                "phpunit/phpunit": "~4"
            },
            "type": "library",
            "autoload": {
                "psr-0": {
                    "Tokenly\\ConsulHealthDaemon": "src"
                }
            },
            "notification-url": "https://packagist.org/downloads/",
            "license": [
                "MIT"
            ],
            "authors": [
                {
                    "name": "Devon Weller",
                    "email": "dweller@devonweller.com",
                    "homepage": "http://devonweller.com"
                }
            ],
            "description": "A library to monitor services health and report to consul",
            "time": "2015-05-26 13:01:15"
        },
        {
            "name": "vlucas/phpdotenv",
            "version": "dev-master",
            "source": {
                "type": "git",
                "url": "https://github.com/vlucas/phpdotenv.git",
                "reference": "ae388efe53a2c352ddd270f4d316bad58952b8e3"
            },
            "dist": {
                "type": "zip",
                "url": "https://api.github.com/repos/vlucas/phpdotenv/zipball/ae388efe53a2c352ddd270f4d316bad58952b8e3",
                "reference": "ae388efe53a2c352ddd270f4d316bad58952b8e3",
                "shasum": ""
            },
            "require": {
                "php": ">=5.3.2"
            },
            "require-dev": {
                "phpunit/phpunit": "~4.0"
            },
            "type": "library",
            "extra": {
                "branch-alias": {
                    "dev-master": "1.1-dev"
                }
            },
            "autoload": {
                "psr-0": {
                    "Dotenv": "src/"
                }
            },
            "notification-url": "https://packagist.org/downloads/",
            "license": [
                "BSD"
            ],
            "authors": [
                {
                    "name": "Vance Lucas",
                    "email": "vance@vancelucas.com",
                    "homepage": "http://www.vancelucas.com"
                }
            ],
            "description": "Loads environment variables from `.env` to `getenv()`, `$_ENV` and `$_SERVER` automagically.",
            "homepage": "http://github.com/vlucas/phpdotenv",
            "keywords": [
                "dotenv",
                "env",
                "environment"
            ],
            "time": "2015-02-19 20:37:05"
        }
    ],
    "packages-dev": [],
    "aliases": [],
    "minimum-stability": "dev",
    "stability-flags": {
        "tokenly/consul-health-daemon": 20
    },
    "prefer-stable": false,
    "prefer-lowest": false,
    "platform": [],
    "platform-dev": []
}
